
Microsoft Visual Studio Solution File, Format Version 12.00
# Visual Studio Version 16
VisualStudioVersion = 16.0.30711.63
MinimumVisualStudioVersion = 10.0.40219.1
Project("{FAE04EC0-301F-11D3-BF4B-00C04F79EFBC}") = "Receive", "Receive\Receive.csproj", "{09820B15-5021-4582-953B-095421DE9C37}"
EndProject
Global
	GlobalSection(SolutionConfigurationPlatforms) = preSolution
		Debug|Any CPU = Debug|Any CPU
		Release|Any CPU = Release|Any CPU
	EndGlobalSection
	GlobalSection(ProjectConfigurationPlatforms) = postSolution
		{09820B15-5021-4582-953B-095421DE9C37}.Debug|Any CPU.ActiveCfg = Debug|Any CPU
		{09820B15-5021-4582-953B-095421DE9C37}.Debug|Any CPU.Build.0 = Debug|Any CPU
		{09820B15-5021-4582-953B-095421DE9C37}.Release|Any CPU.ActiveCfg = Release|Any CPU
		{09820B15-5021-4582-953B-095421DE9C37}.Release|Any CPU.Build.0 = Release|Any CPU
	EndGlobalSection
	GlobalSection(SolutionProperties) = preSolution
		HideSolutionNode = FALSE
	EndGlobalSection
	GlobalSection(ExtensibilityGlobals) = postSolution
		SolutionGuid = {48CCB8CA-B00F-4FCC-870D-0D0CB3CB04BB}
	EndGlobalSection
EndGlobal
